
Microsoft Visual Studio Solution File, Format Version 12.00
# Visual Studio Version 16
VisualStudioVersion = 16.0.809.3
MinimumVisualStudioVersion = 10.0.40219.1
Project("{FAE04EC0-301F-11D3-BF4B-00C04F79EFBC}") = "413Bowling", "413Bowling\413Bowling.csproj", "{DD02F3A8-D833-4166-8230-86134EA2C4DF}"
EndProject
Global
	GlobalSection(SolutionConfigurationPlatforms) = preSolution
		Debug|Any CPU = Debug|Any CPU
		Release|Any CPU = Release|Any CPU
	EndGlobalSection
	GlobalSection(ProjectConfigurationPlatforms) = postSolution
		{DD02F3A8-D833-4166-8230-86134EA2C4DF}.Debug|Any CPU.ActiveCfg = Debug|Any CPU
		{DD02F3A8-D833-4166-8230-86134EA2C4DF}.Debug|Any CPU.Build.0 = Debug|Any CPU
		{DD02F3A8-D833-4166-8230-86134EA2C4DF}.Release|Any CPU.ActiveCfg = Release|Any CPU
		{DD02F3A8-D833-4166-8230-86134EA2C4DF}.Release|Any CPU.Build.0 = Release|Any CPU
	EndGlobalSection
	GlobalSection(SolutionProperties) = preSolution
		HideSolutionNode = FALSE
	EndGlobalSection
	GlobalSection(ExtensibilityGlobals) = postSolution
		SolutionGuid = {D33808D1-C660-4766-965B-DA7785379AFC}
	EndGlobalSection
EndGlobal
